
Microsoft Visual Studio Solution File, Format Version 12.00
# Visual Studio Version 16
VisualStudioVersion = 16.0.28315.86
MinimumVisualStudioVersion = 10.0.40219.1
Project("{2150E333-8FDC-42A3-9474-1A3956D46DE8}") = "Engine", "Engine", "{CD39EBDF-5CCB-4CA2-B3B4-4AB6130C311B}"
EndProject
Project("{2150E333-8FDC-42A3-9474-1A3956D46DE8}") = "Games", "Games", "{63E9EAB6-77AD-48E4-A496-1502CA311E5D}"
EndProject
Project("{8BC9CEB8-8B4A-11D0-8D11-00A0C91BC942}") = "UE4", "Intermediate\ProjectFiles\UE4.vcxproj", "{4CE63AD5-3B1F-489C-97B1-878D382AF093}"
EndProject
Project("{8BC9CEB8-8B4A-11D0-8D11-00A0C91BC942}") = "Multi", "Intermediate\ProjectFiles\Multi.vcxproj", "{0DD4A195-8E99-4079-B8FA-150BF579DE79}"
EndProject
Project("{2150E333-8FDC-42A3-9474-1A3956D46DE8}") = "Visualizers", "Visualizers", "{E31899C2-29B6-4029-9DBF-509458264DEE}"
	ProjectSection(SolutionItems) = preProject
		..\..\..\..\Program Files\Epic Games\UE_4.24\Engine\Extras\VisualStudioDebugging\UE4.natvis = ..\..\..\..\Program Files\Epic Games\UE_4.24\Engine\Extras\VisualStudioDebugging\UE4.natvis
	EndProjectSection
EndProject
Global
	GlobalSection(SolutionConfigurationPlatforms) = preSolution
		DebugGame Editor|Android = DebugGame Editor|Android
		DebugGame Editor|Win32 = DebugGame Editor|Win32
		DebugGame Editor|Win64 = DebugGame Editor|Win64
		DebugGame|Android = DebugGame|Android
		DebugGame|Win32 = DebugGame|Win32
		DebugGame|Win64 = DebugGame|Win64
		Development Editor|Android = Development Editor|Android
		Development Editor|Win32 = Development Editor|Win32
		Development Editor|Win64 = Development Editor|Win64
		Development|Android = Development|Android
		Development|Win32 = Development|Win32
		Development|Win64 = Development|Win64
		Shipping|Android = Shipping|Android
		Shipping|Win32 = Shipping|Win32
		Shipping|Win64 = Shipping|Win64
	EndGlobalSection
	GlobalSection(ProjectConfigurationPlatforms) = postSolution
		{4CE63AD5-3B1F-489C-97B1-878D382AF093}.DebugGame Editor|Android.ActiveCfg = BuiltWithUnrealBuildTool|Win32
		{4CE63AD5-3B1F-489C-97B1-878D382AF093}.DebugGame Editor|Win32.ActiveCfg = BuiltWithUnrealBuildTool|Win32
		{4CE63AD5-3B1F-489C-97B1-878D382AF093}.DebugGame Editor|Win64.ActiveCfg = BuiltWithUnrealBuildTool|Win32
		{4CE63AD5-3B1F-489C-97B1-878D382AF093}.DebugGame|Android.ActiveCfg = BuiltWithUnrealBuildTool|Win32
		{4CE63AD5-3B1F-489C-97B1-878D382AF093}.DebugGame|Win32.ActiveCfg = BuiltWithUnrealBuildTool|Win32
		{4CE63AD5-3B1F-489C-97B1-878D382AF093}.DebugGame|Win64.ActiveCfg = BuiltWithUnrealBuildTool|Win32
		{4CE63AD5-3B1F-489C-97B1-878D382AF093}.Development Editor|Android.ActiveCfg = BuiltWithUnrealBuildTool|Win32
		{4CE63AD5-3B1F-489C-97B1-878D382AF093}.Development Editor|Win32.ActiveCfg = BuiltWithUnrealBuildTool|Win32
		{4CE63AD5-3B1F-489C-97B1-878D382AF093}.Development Editor|Win64.ActiveCfg = BuiltWithUnrealBuildTool|Win32
		{4CE63AD5-3B1F-489C-97B1-878D382AF093}.Development|Android.ActiveCfg = BuiltWithUnrealBuildTool|Win32
		{4CE63AD5-3B1F-489C-97B1-878D382AF093}.Development|Win32.ActiveCfg = BuiltWithUnrealBuildTool|Win32
		{4CE63AD5-3B1F-489C-97B1-878D382AF093}.Development|Win64.ActiveCfg = BuiltWithUnrealBuildTool|Win32
		{4CE63AD5-3B1F-489C-97B1-878D382AF093}.Shipping|Android.ActiveCfg = BuiltWithUnrealBuildTool|Win32
		{4CE63AD5-3B1F-489C-97B1-878D382AF093}.Shipping|Win32.ActiveCfg = BuiltWithUnrealBuildTool|Win32
		{4CE63AD5-3B1F-489C-97B1-878D382AF093}.Shipping|Win64.ActiveCfg = BuiltWithUnrealBuildTool|Win32
		{0DD4A195-8E99-4079-B8FA-150BF579DE79}.DebugGame Editor|Android.ActiveCfg = Invalid|Win32
		{0DD4A195-8E99-4079-B8FA-150BF579DE79}.DebugGame Editor|Win32.ActiveCfg = Invalid|Win32
		{0DD4A195-8E99-4079-B8FA-150BF579DE79}.DebugGame Editor|Win64.ActiveCfg = DebugGame_Editor|x64
		{0DD4A195-8E99-4079-B8FA-150BF579DE79}.DebugGame Editor|Win64.Build.0 = DebugGame_Editor|x64
		{0DD4A195-8E99-4079-B8FA-150BF579DE79}.DebugGame|Android.ActiveCfg = Android_DebugGame|Win32
		{0DD4A195-8E99-4079-B8FA-150BF579DE79}.DebugGame|Android.Build.0 = Android_DebugGame|Win32
		{0DD4A195-8E99-4079-B8FA-150BF579DE79}.DebugGame|Win32.ActiveCfg = DebugGame|Win32
		{0DD4A195-8E99-4079-B8FA-150BF579DE79}.DebugGame|Win32.Build.0 = DebugGame|Win32
		{0DD4A195-8E99-4079-B8FA-150BF579DE79}.DebugGame|Win64.ActiveCfg = DebugGame|x64
		{0DD4A195-8E99-4079-B8FA-150BF579DE79}.DebugGame|Win64.Build.0 = DebugGame|x64
		{0DD4A195-8E99-4079-B8FA-150BF579DE79}.Development Editor|Android.ActiveCfg = Invalid|Win32
		{0DD4A195-8E99-4079-B8FA-150BF579DE79}.Development Editor|Win32.ActiveCfg = Invalid|Win32
		{0DD4A195-8E99-4079-B8FA-150BF579DE79}.Development Editor|Win64.ActiveCfg = Development_Editor|x64
		{0DD4A195-8E99-4079-B8FA-150BF579DE79}.Development Editor|Win64.Build.0 = Development_Editor|x64
		{0DD4A195-8E99-4079-B8FA-150BF579DE79}.Development|Android.ActiveCfg = Android_Development|Win32
		{0DD4A195-8E99-4079-B8FA-150BF579DE79}.Development|Android.Build.0 = Android_Development|Win32
		{0DD4A195-8E99-4079-B8FA-150BF579DE79}.Development|Win32.ActiveCfg = Development|Win32
		{0DD4A195-8E99-4079-B8FA-150BF579DE79}.Development|Win32.Build.0 = Development|Win32
		{0DD4A195-8E99-4079-B8FA-150BF579DE79}.Development|Win64.ActiveCfg = Development|x64
		{0DD4A195-8E99-4079-B8FA-150BF579DE79}.Development|Win64.Build.0 = Development|x64
		{0DD4A195-8E99-4079-B8FA-150BF579DE79}.Shipping|Android.ActiveCfg = Android_Shipping|Win32
		{0DD4A195-8E99-4079-B8FA-150BF579DE79}.Shipping|Android.Build.0 = Android_Shipping|Win32
		{0DD4A195-8E99-4079-B8FA-150BF579DE79}.Shipping|Win32.ActiveCfg = Shipping|Win32
		{0DD4A195-8E99-4079-B8FA-150BF579DE79}.Shipping|Win32.Build.0 = Shipping|Win32
		{0DD4A195-8E99-4079-B8FA-150BF579DE79}.Shipping|Win64.ActiveCfg = Shipping|x64
		{0DD4A195-8E99-4079-B8FA-150BF579DE79}.Shipping|Win64.Build.0 = Shipping|x64
	EndGlobalSection
	GlobalSection(SolutionProperties) = preSolution
		HideSolutionNode = FALSE
	EndGlobalSection
	GlobalSection(NestedProjects) = preSolution
		{4CE63AD5-3B1F-489C-97B1-878D382AF093} = {CD39EBDF-5CCB-4CA2-B3B4-4AB6130C311B}
		{0DD4A195-8E99-4079-B8FA-150BF579DE79} = {63E9EAB6-77AD-48E4-A496-1502CA311E5D}
	EndGlobalSection
EndGlobal
